
Microsoft Visual Studio Solution File, Format Version 12.00
# Visual Studio Version 17
VisualStudioVersion = 17.6.33829.357
MinimumVisualStudioVersion = 10.0.40219.1
Project("{FAE04EC0-301F-11D3-BF4B-00C04F79EFBC}") = "OPL WpfApp", "WpfApp1\OPL WpfApp.csproj", "{63EFF868-E6BE-4C21-A4E0-2AF1FD21041D}"
EndProject
Project("{FAE04EC0-301F-11D3-BF4B-00C04F79EFBC}") = "updata", "updata\updata.csproj", "{112B8CDE-BD46-4D70-BDF8-6445A229B09A}"
EndProject
Project("{54435603-DBB4-11D2-8724-00A0C9A8B90C}") = "OPL_Installer", "Setup\Setup.vdproj", "{A5CB7C39-CF29-4BD9-9D9C-9FF89F07B271}"
EndProject
Project("{8BC9CEB8-8B4A-11D0-8D11-00A0C91BC942}") = "openp2p_dll", "openp2p_dll\openp2p_dll.vcxproj", "{A11790BD-AC8C-4E82-AEF7-27DA600E6D4C}"
EndProject
Global
	GlobalSection(SolutionConfigurationPlatforms) = preSolution
		Debug|Any CPU = Debug|Any CPU
		Debug|x64 = Debug|x64
		Debug|x86 = Debug|x86
		Release|Any CPU = Release|Any CPU
		Release|x64 = Release|x64
		Release|x86 = Release|x86
	EndGlobalSection
	GlobalSection(ProjectConfigurationPlatforms) = postSolution
		{63EFF868-E6BE-4C21-A4E0-2AF1FD21041D}.Debug|Any CPU.ActiveCfg = Debug|Any CPU
		{63EFF868-E6BE-4C21-A4E0-2AF1FD21041D}.Debug|Any CPU.Build.0 = Debug|Any CPU
		{63EFF868-E6BE-4C21-A4E0-2AF1FD21041D}.Debug|x64.ActiveCfg = Debug|Any CPU
		{63EFF868-E6BE-4C21-A4E0-2AF1FD21041D}.Debug|x64.Build.0 = Debug|Any CPU
		{63EFF868-E6BE-4C21-A4E0-2AF1FD21041D}.Debug|x86.ActiveCfg = Debug|Any CPU
		{63EFF868-E6BE-4C21-A4E0-2AF1FD21041D}.Debug|x86.Build.0 = Debug|Any CPU
		{63EFF868-E6BE-4C21-A4E0-2AF1FD21041D}.Release|Any CPU.ActiveCfg = Release|Any CPU
		{63EFF868-E6BE-4C21-A4E0-2AF1FD21041D}.Release|Any CPU.Build.0 = Release|Any CPU
		{63EFF868-E6BE-4C21-A4E0-2AF1FD21041D}.Release|x64.ActiveCfg = Release|Any CPU
		{63EFF868-E6BE-4C21-A4E0-2AF1FD21041D}.Release|x64.Build.0 = Release|Any CPU
		{63EFF868-E6BE-4C21-A4E0-2AF1FD21041D}.Release|x86.ActiveCfg = Release|Any CPU
		{63EFF868-E6BE-4C21-A4E0-2AF1FD21041D}.Release|x86.Build.0 = Release|Any CPU
		{112B8CDE-BD46-4D70-BDF8-6445A229B09A}.Debug|Any CPU.ActiveCfg = Debug|Any CPU
		{112B8CDE-BD46-4D70-BDF8-6445A229B09A}.Debug|Any CPU.Build.0 = Debug|Any CPU
		{112B8CDE-BD46-4D70-BDF8-6445A229B09A}.Debug|x64.ActiveCfg = Debug|Any CPU
		{112B8CDE-BD46-4D70-BDF8-6445A229B09A}.Debug|x64.Build.0 = Debug|Any CPU
		{112B8CDE-BD46-4D70-BDF8-6445A229B09A}.Debug|x86.ActiveCfg = Debug|Any CPU
		{112B8CDE-BD46-4D70-BDF8-6445A229B09A}.Debug|x86.Build.0 = Debug|Any CPU
		{112B8CDE-BD46-4D70-BDF8-6445A229B09A}.Release|Any CPU.ActiveCfg = Release|Any CPU
		{112B8CDE-BD46-4D70-BDF8-6445A229B09A}.Release|Any CPU.Build.0 = Release|Any CPU
		{112B8CDE-BD46-4D70-BDF8-6445A229B09A}.Release|x64.ActiveCfg = Release|Any CPU
		{112B8CDE-BD46-4D70-BDF8-6445A229B09A}.Release|x64.Build.0 = Release|Any CPU
		{112B8CDE-BD46-4D70-BDF8-6445A229B09A}.Release|x86.ActiveCfg = Release|Any CPU
		{112B8CDE-BD46-4D70-BDF8-6445A229B09A}.Release|x86.Build.0 = Release|Any CPU
		{A5CB7C39-CF29-4BD9-9D9C-9FF89F07B271}.Debug|Any CPU.ActiveCfg = Debug
		{A5CB7C39-CF29-4BD9-9D9C-9FF89F07B271}.Debug|x64.ActiveCfg = Debug
		{A5CB7C39-CF29-4BD9-9D9C-9FF89F07B271}.Debug|x64.Build.0 = Debug
		{A5CB7C39-CF29-4BD9-9D9C-9FF89F07B271}.Debug|x86.ActiveCfg = Debug
		{A5CB7C39-CF29-4BD9-9D9C-9FF89F07B271}.Debug|x86.Build.0 = Debug
		{A5CB7C39-CF29-4BD9-9D9C-9FF89F07B271}.Release|Any CPU.ActiveCfg = Release
		{A5CB7C39-CF29-4BD9-9D9C-9FF89F07B271}.Release|x64.ActiveCfg = Release
		{A5CB7C39-CF29-4BD9-9D9C-9FF89F07B271}.Release|x64.Build.0 = Release
		{A5CB7C39-CF29-4BD9-9D9C-9FF89F07B271}.Release|x86.ActiveCfg = Release
		{A5CB7C39-CF29-4BD9-9D9C-9FF89F07B271}.Release|x86.Build.0 = Release
		{A11790BD-AC8C-4E82-AEF7-27DA600E6D4C}.Debug|Any CPU.ActiveCfg = Debug|x64
		{A11790BD-AC8C-4E82-AEF7-27DA600E6D4C}.Debug|Any CPU.Build.0 = Debug|x64
		{A11790BD-AC8C-4E82-AEF7-27DA600E6D4C}.Debug|x64.ActiveCfg = Debug|x64
		{A11790BD-AC8C-4E82-AEF7-27DA600E6D4C}.Debug|x64.Build.0 = Debug|x64
		{A11790BD-AC8C-4E82-AEF7-27DA600E6D4C}.Debug|x86.ActiveCfg = Debug|Win32
		{A11790BD-AC8C-4E82-AEF7-27DA600E6D4C}.Debug|x86.Build.0 = Debug|Win32
		{A11790BD-AC8C-4E82-AEF7-27DA600E6D4C}.Release|Any CPU.ActiveCfg = Release|x64
		{A11790BD-AC8C-4E82-AEF7-27DA600E6D4C}.Release|Any CPU.Build.0 = Release|x64
		{A11790BD-AC8C-4E82-AEF7-27DA600E6D4C}.Release|x64.ActiveCfg = Release|x64
		{A11790BD-AC8C-4E82-AEF7-27DA600E6D4C}.Release|x64.Build.0 = Release|x64
		{A11790BD-AC8C-4E82-AEF7-27DA600E6D4C}.Release|x86.ActiveCfg = Release|Win32
		{A11790BD-AC8C-4E82-AEF7-27DA600E6D4C}.Release|x86.Build.0 = Release|Win32
	EndGlobalSection
	GlobalSection(SolutionProperties) = preSolution
		HideSolutionNode = FALSE
	EndGlobalSection
	GlobalSection(ExtensibilityGlobals) = postSolution
		SolutionGuid = {37EA707B-98FE-4C8E-9EC0-300A9128AA21}
	EndGlobalSection
EndGlobal
